# This file is autogenerated, do not edit; changes may be undone by the next 'dep ensure'.


[[projects]]
  branch = "master"
  digest = "1:97d34c08c29e4a09a93743517c428499928d156ef0152b238f9fa9b8ae5f7e03"
  name = "github.com/fresh8/mlworkshop"
  packages = ["harness"]
  pruneopts = "UT"
  revision = "c527918d691eaa5e9eaf778b218eab1271800a81"

[[projects]]
  branch = "master"
  digest = "1:d87af402fc3f371d6b008f58903e98bee8873db45263dc54762f00735c582495"
  name = "golang.org/x/exp"
  packages = ["rand"]
  pruneopts = "UT"
  revision = "f0864edee7f32333874efabd1557a9987f096ae1"

[[projects]]
  branch = "master"
  digest = "1:d1347e5eb127019d48832eab4bab4807c8d4b15af19d565282f54ab9e9b12f25"
  name = "gonum.org/v1/gonum"
  packages = [
    "blas",
    "blas/blas64",
    "blas/cblas128",
    "blas/gonum",
    "floats",
    "internal/asm/c128",
    "internal/asm/c64",
    "internal/asm/f32",
    "internal/asm/f64",
    "internal/cmplx64",
    "internal/math32",
    "lapack",
    "lapack/gonum",
    "lapack/lapack64",
    "mat",
    "mathext",
    "mathext/internal/amos",
    "mathext/internal/cephes",
    "mathext/internal/gonum",
    "stat",
    "stat/combin",
    "stat/distuv",
    "stat/sampleuv",
  ]
  pruneopts = "UT"
  revision = "30fedc02ced215ccedb7b4b2c05f65cffa681863"

[solve-meta]
  analyzer-name = "dep"
  analyzer-version = 1
  input-imports = [
    "github.com/fresh8/mlworkshop/harness",
    "gonum.org/v1/gonum/floats",
    "gonum.org/v1/gonum/mat",
  ]
  solver-name = "gps-cdcl"
  solver-version = 1
